<Solution>
  <Configurations>
    <Platform Name="Any CPU" />
    <Platform Name="x64" />
    <BuildType Name="Debug" />
    <BuildType Name="Install" />
    <BuildType Name="Publish" />
  </Configurations>

  <Folder Name="/alpha/">
    <Project Name="Alpha" Path="Alpha\Alpha.csproj" Active="true" />
    <Project Name="Alpha.Tests" Path="Alpha.Tests\Alpha.Tests.csproj" />
  </Folder>

  <Folder Name="/chalky/">
    <Project Name="Chalky" Path="Chalky\Chalky.csproj" />
  </Folder>

  <Folder Name="/dnd/">
    <Project Name="Dnd" Path="Dnd\Dnd.csproj" />
    <Project Name="Dnd.Tests" Path="Dnd.Tests\Dnd.Tests.csproj" />
  </Folder>

  <Folder Name="/echo/">
    <Project Name="Echo" Path="Echo\Echo.csproj" />
    <Project Name="Echo.Tests" Path="Echo.Tests\Echo.Tests.csproj" />
  </Folder>

  <Folder Name="/fomo/">
    <Project Name="Fomo" Path="Fomo\Fomo.csproj" />
    <Project Name="FomoChatLog" Path="FomoChatLog\FomoChatLog.csproj" />
    <Project Name="FomoTelegram" Path="FomoTelegram\FomoTelegram.csproj" />
    <Project Name="FomoWebSocket" Path="FomoWebSocket\FomoWebSocket.csproj" />
  </Folder>

  <Folder Name="/remind/">
    <Project Name="Remind" Path="Remind\Remind.csproj" />
  </Folder>

  <Folder Name="/hush/">
    <Project Name="Hush" Path="Hush\Hush.csproj" />
    <Project Name="Hush.Tests" Path="Hush.Tests\Hush.Tests.csproj" />
  </Folder>

  <Folder Name="/reconnect/">
    <Project Name="Reconnect" Path="Reconnect\Reconnect.csproj" />
  </Folder>

</Solution>
