<Solution>
  <Configurations>
    <Platform Name="Any CPU" />
    <Platform Name="x64" />
    <BuildType Name="Debug" />
    <BuildType Name="Install" /> 
    <BuildType Name="Publish" />
  </Configurations>
  <Project Name="Alpha" Path="Alpha\Alpha.csproj" Active="true" />
  <Project Name="Alpha.Tests" Path="Alpha.Tests\Alpha.Tests.csproj" />
</Solution>
